
Microsoft Visual Studio Solution File, Format Version 12.00
# Visual Studio 14
VisualStudioVersion = 14.0.24720.0
MinimumVisualStudioVersion = 10.0.40219.1
Project("{FAE04EC0-301F-11D3-BF4B-00C04F79EFBC}") = "WarOfBlackMoon", "WarOfBlackMoon\WarOfBlackMoon.csproj", "{786570AB-A933-46A2-97F2-512B91346849}"
EndProject
Project("{FAE04EC0-301F-11D3-BF4B-00C04F79EFBC}") = "BattleFields", "BattleFields\BattleFields.csproj", "{A475AE4A-6127-4B66-83C1-B1341CDAB77F}"
EndProject
Project("{FAE04EC0-301F-11D3-BF4B-00C04F79EFBC}") = "Abattoir", "Abattoir\Abattoir.csproj", "{CB17DD27-4E52-479B-BAFB-8B4027BB16A6}"
EndProject
Project("{FAE04EC0-301F-11D3-BF4B-00C04F79EFBC}") = "CommonBaseLib", "CommonBaseLib\CommonBaseLib.csproj", "{3A06E712-927A-4B01-93A9-16DC64CA64C6}"
EndProject
Project("{2150E333-8FDC-42A3-9474-1A3956D46DE8}") = "Game", "Game", "{FF6EBB47-C6FD-4F08-9411-F45F995F06C9}"
EndProject
Project("{2150E333-8FDC-42A3-9474-1A3956D46DE8}") = "Common", "Common", "{BE28B142-6436-42E7-8446-272F20EBF868}"
EndProject
Project("{2150E333-8FDC-42A3-9474-1A3956D46DE8}") = "Communication", "Communication", "{D36652D0-9BFA-414D-99CE-97D1147C4DE1}"
EndProject
Project("{2150E333-8FDC-42A3-9474-1A3956D46DE8}") = "WCF", "WCF", "{A98C4DA0-C5A2-4E53-ADF2-522AFE9DC6AA}"
EndProject
Project("{FAE04EC0-301F-11D3-BF4B-00C04F79EFBC}") = "BsonCFServicer", "BsonCFServicer\BsonCFServicer.csproj", "{128E839B-FAD7-4656-8809-0B2FDD171738}"
EndProject
Project("{2150E333-8FDC-42A3-9474-1A3956D46DE8}") = "Ref", "Ref", "{52C9647A-B4AF-468E-9E9D-A5EF02CC95FC}"
	ProjectSection(SolutionItems) = preProject
		Ref\MongoDB.Bson.dll = Ref\MongoDB.Bson.dll
	EndProjectSection
EndProject
Project("{FAE04EC0-301F-11D3-BF4B-00C04F79EFBC}") = "BsonSyndicationServiceLibrary", "BsonSyndicationServiceLibrary\BsonSyndicationServiceLibrary.csproj", "{742F5B91-4806-4D3B-9845-F92A141067DB}"
EndProject
Project("{FAE04EC0-301F-11D3-BF4B-00C04F79EFBC}") = "BsonCFServiceLibrary", "BsonCFServiceLibrary\BsonCFServiceLibrary.csproj", "{567D682F-7EEF-4F33-8D62-EC460E13E593}"
EndProject
Project("{FAE04EC0-301F-11D3-BF4B-00C04F79EFBC}") = "ServerTester", "ServerTester\ServerTester.csproj", "{D869C7EE-3554-4E1F-85FA-9F5E724FB456}"
EndProject
Project("{2150E333-8FDC-42A3-9474-1A3956D46DE8}") = "Demo", "Demo", "{2C889B8B-5E26-4BE2-8FD9-5EE334AA413B}"
EndProject
Global
	GlobalSection(SolutionConfigurationPlatforms) = preSolution
		Debug|Any CPU = Debug|Any CPU
		Debug|Mixed Platforms = Debug|Mixed Platforms
		Debug|x86 = Debug|x86
		Release|Any CPU = Release|Any CPU
		Release|Mixed Platforms = Release|Mixed Platforms
		Release|x86 = Release|x86
	EndGlobalSection
	GlobalSection(ProjectConfigurationPlatforms) = postSolution
		{786570AB-A933-46A2-97F2-512B91346849}.Debug|Any CPU.ActiveCfg = Debug|x86
		{786570AB-A933-46A2-97F2-512B91346849}.Debug|Mixed Platforms.ActiveCfg = Debug|x86
		{786570AB-A933-46A2-97F2-512B91346849}.Debug|Mixed Platforms.Build.0 = Debug|x86
		{786570AB-A933-46A2-97F2-512B91346849}.Debug|x86.ActiveCfg = Debug|x86
		{786570AB-A933-46A2-97F2-512B91346849}.Debug|x86.Build.0 = Debug|x86
		{786570AB-A933-46A2-97F2-512B91346849}.Release|Any CPU.ActiveCfg = Release|x86
		{786570AB-A933-46A2-97F2-512B91346849}.Release|Mixed Platforms.ActiveCfg = Release|x86
		{786570AB-A933-46A2-97F2-512B91346849}.Release|Mixed Platforms.Build.0 = Release|x86
		{786570AB-A933-46A2-97F2-512B91346849}.Release|x86.ActiveCfg = Release|x86
		{786570AB-A933-46A2-97F2-512B91346849}.Release|x86.Build.0 = Release|x86
		{A475AE4A-6127-4B66-83C1-B1341CDAB77F}.Debug|Any CPU.ActiveCfg = Debug|Any CPU
		{A475AE4A-6127-4B66-83C1-B1341CDAB77F}.Debug|Any CPU.Build.0 = Debug|Any CPU
		{A475AE4A-6127-4B66-83C1-B1341CDAB77F}.Debug|Mixed Platforms.ActiveCfg = Debug|Any CPU
		{A475AE4A-6127-4B66-83C1-B1341CDAB77F}.Debug|Mixed Platforms.Build.0 = Debug|Any CPU
		{A475AE4A-6127-4B66-83C1-B1341CDAB77F}.Debug|x86.ActiveCfg = Debug|Any CPU
		{A475AE4A-6127-4B66-83C1-B1341CDAB77F}.Release|Any CPU.ActiveCfg = Release|Any CPU
		{A475AE4A-6127-4B66-83C1-B1341CDAB77F}.Release|Any CPU.Build.0 = Release|Any CPU
		{A475AE4A-6127-4B66-83C1-B1341CDAB77F}.Release|Mixed Platforms.ActiveCfg = Release|Any CPU
		{A475AE4A-6127-4B66-83C1-B1341CDAB77F}.Release|Mixed Platforms.Build.0 = Release|Any CPU
		{A475AE4A-6127-4B66-83C1-B1341CDAB77F}.Release|x86.ActiveCfg = Release|Any CPU
		{CB17DD27-4E52-479B-BAFB-8B4027BB16A6}.Debug|Any CPU.ActiveCfg = Debug|Any CPU
		{CB17DD27-4E52-479B-BAFB-8B4027BB16A6}.Debug|Any CPU.Build.0 = Debug|Any CPU
		{CB17DD27-4E52-479B-BAFB-8B4027BB16A6}.Debug|Mixed Platforms.ActiveCfg = Debug|Any CPU
		{CB17DD27-4E52-479B-BAFB-8B4027BB16A6}.Debug|Mixed Platforms.Build.0 = Debug|Any CPU
		{CB17DD27-4E52-479B-BAFB-8B4027BB16A6}.Debug|x86.ActiveCfg = Debug|Any CPU
		{CB17DD27-4E52-479B-BAFB-8B4027BB16A6}.Release|Any CPU.ActiveCfg = Release|Any CPU
		{CB17DD27-4E52-479B-BAFB-8B4027BB16A6}.Release|Any CPU.Build.0 = Release|Any CPU
		{CB17DD27-4E52-479B-BAFB-8B4027BB16A6}.Release|Mixed Platforms.ActiveCfg = Release|Any CPU
		{CB17DD27-4E52-479B-BAFB-8B4027BB16A6}.Release|Mixed Platforms.Build.0 = Release|Any CPU
		{CB17DD27-4E52-479B-BAFB-8B4027BB16A6}.Release|x86.ActiveCfg = Release|Any CPU
		{3A06E712-927A-4B01-93A9-16DC64CA64C6}.Debug|Any CPU.ActiveCfg = Debug|Any CPU
		{3A06E712-927A-4B01-93A9-16DC64CA64C6}.Debug|Any CPU.Build.0 = Debug|Any CPU
		{3A06E712-927A-4B01-93A9-16DC64CA64C6}.Debug|Mixed Platforms.ActiveCfg = Debug|Any CPU
		{3A06E712-927A-4B01-93A9-16DC64CA64C6}.Debug|Mixed Platforms.Build.0 = Debug|Any CPU
		{3A06E712-927A-4B01-93A9-16DC64CA64C6}.Debug|x86.ActiveCfg = Debug|Any CPU
		{3A06E712-927A-4B01-93A9-16DC64CA64C6}.Release|Any CPU.ActiveCfg = Release|Any CPU
		{3A06E712-927A-4B01-93A9-16DC64CA64C6}.Release|Any CPU.Build.0 = Release|Any CPU
		{3A06E712-927A-4B01-93A9-16DC64CA64C6}.Release|Mixed Platforms.ActiveCfg = Release|Any CPU
		{3A06E712-927A-4B01-93A9-16DC64CA64C6}.Release|Mixed Platforms.Build.0 = Release|Any CPU
		{3A06E712-927A-4B01-93A9-16DC64CA64C6}.Release|x86.ActiveCfg = Release|Any CPU
		{128E839B-FAD7-4656-8809-0B2FDD171738}.Debug|Any CPU.ActiveCfg = Debug|Any CPU
		{128E839B-FAD7-4656-8809-0B2FDD171738}.Debug|Any CPU.Build.0 = Debug|Any CPU
		{128E839B-FAD7-4656-8809-0B2FDD171738}.Debug|Mixed Platforms.ActiveCfg = Debug|Any CPU
		{128E839B-FAD7-4656-8809-0B2FDD171738}.Debug|Mixed Platforms.Build.0 = Debug|Any CPU
		{128E839B-FAD7-4656-8809-0B2FDD171738}.Debug|x86.ActiveCfg = Debug|Any CPU
		{128E839B-FAD7-4656-8809-0B2FDD171738}.Debug|x86.Build.0 = Debug|Any CPU
		{128E839B-FAD7-4656-8809-0B2FDD171738}.Release|Any CPU.ActiveCfg = Release|Any CPU
		{128E839B-FAD7-4656-8809-0B2FDD171738}.Release|Any CPU.Build.0 = Release|Any CPU
		{128E839B-FAD7-4656-8809-0B2FDD171738}.Release|Mixed Platforms.ActiveCfg = Release|Any CPU
		{128E839B-FAD7-4656-8809-0B2FDD171738}.Release|Mixed Platforms.Build.0 = Release|Any CPU
		{128E839B-FAD7-4656-8809-0B2FDD171738}.Release|x86.ActiveCfg = Release|Any CPU
		{128E839B-FAD7-4656-8809-0B2FDD171738}.Release|x86.Build.0 = Release|Any CPU
		{742F5B91-4806-4D3B-9845-F92A141067DB}.Debug|Any CPU.ActiveCfg = Debug|Any CPU
		{742F5B91-4806-4D3B-9845-F92A141067DB}.Debug|Any CPU.Build.0 = Debug|Any CPU
		{742F5B91-4806-4D3B-9845-F92A141067DB}.Debug|Mixed Platforms.ActiveCfg = Debug|Any CPU
		{742F5B91-4806-4D3B-9845-F92A141067DB}.Debug|Mixed Platforms.Build.0 = Debug|Any CPU
		{742F5B91-4806-4D3B-9845-F92A141067DB}.Debug|x86.ActiveCfg = Debug|Any CPU
		{742F5B91-4806-4D3B-9845-F92A141067DB}.Debug|x86.Build.0 = Debug|Any CPU
		{742F5B91-4806-4D3B-9845-F92A141067DB}.Release|Any CPU.ActiveCfg = Release|Any CPU
		{742F5B91-4806-4D3B-9845-F92A141067DB}.Release|Any CPU.Build.0 = Release|Any CPU
		{742F5B91-4806-4D3B-9845-F92A141067DB}.Release|Mixed Platforms.ActiveCfg = Release|Any CPU
		{742F5B91-4806-4D3B-9845-F92A141067DB}.Release|Mixed Platforms.Build.0 = Release|Any CPU
		{742F5B91-4806-4D3B-9845-F92A141067DB}.Release|x86.ActiveCfg = Release|Any CPU
		{742F5B91-4806-4D3B-9845-F92A141067DB}.Release|x86.Build.0 = Release|Any CPU
		{567D682F-7EEF-4F33-8D62-EC460E13E593}.Debug|Any CPU.ActiveCfg = Debug|Any CPU
		{567D682F-7EEF-4F33-8D62-EC460E13E593}.Debug|Any CPU.Build.0 = Debug|Any CPU
		{567D682F-7EEF-4F33-8D62-EC460E13E593}.Debug|Mixed Platforms.ActiveCfg = Debug|Any CPU
		{567D682F-7EEF-4F33-8D62-EC460E13E593}.Debug|Mixed Platforms.Build.0 = Debug|Any CPU
		{567D682F-7EEF-4F33-8D62-EC460E13E593}.Debug|x86.ActiveCfg = Debug|Any CPU
		{567D682F-7EEF-4F33-8D62-EC460E13E593}.Debug|x86.Build.0 = Debug|Any CPU
		{567D682F-7EEF-4F33-8D62-EC460E13E593}.Release|Any CPU.ActiveCfg = Release|Any CPU
		{567D682F-7EEF-4F33-8D62-EC460E13E593}.Release|Any CPU.Build.0 = Release|Any CPU
		{567D682F-7EEF-4F33-8D62-EC460E13E593}.Release|Mixed Platforms.ActiveCfg = Release|Any CPU
		{567D682F-7EEF-4F33-8D62-EC460E13E593}.Release|Mixed Platforms.Build.0 = Release|Any CPU
		{567D682F-7EEF-4F33-8D62-EC460E13E593}.Release|x86.ActiveCfg = Release|Any CPU
		{567D682F-7EEF-4F33-8D62-EC460E13E593}.Release|x86.Build.0 = Release|Any CPU
		{D869C7EE-3554-4E1F-85FA-9F5E724FB456}.Debug|Any CPU.ActiveCfg = Debug|Any CPU
		{D869C7EE-3554-4E1F-85FA-9F5E724FB456}.Debug|Any CPU.Build.0 = Debug|Any CPU
		{D869C7EE-3554-4E1F-85FA-9F5E724FB456}.Debug|Mixed Platforms.ActiveCfg = Debug|Any CPU
		{D869C7EE-3554-4E1F-85FA-9F5E724FB456}.Debug|Mixed Platforms.Build.0 = Debug|Any CPU
		{D869C7EE-3554-4E1F-85FA-9F5E724FB456}.Debug|x86.ActiveCfg = Debug|Any CPU
		{D869C7EE-3554-4E1F-85FA-9F5E724FB456}.Debug|x86.Build.0 = Debug|Any CPU
		{D869C7EE-3554-4E1F-85FA-9F5E724FB456}.Release|Any CPU.ActiveCfg = Release|Any CPU
		{D869C7EE-3554-4E1F-85FA-9F5E724FB456}.Release|Any CPU.Build.0 = Release|Any CPU
		{D869C7EE-3554-4E1F-85FA-9F5E724FB456}.Release|Mixed Platforms.ActiveCfg = Release|Any CPU
		{D869C7EE-3554-4E1F-85FA-9F5E724FB456}.Release|Mixed Platforms.Build.0 = Release|Any CPU
		{D869C7EE-3554-4E1F-85FA-9F5E724FB456}.Release|x86.ActiveCfg = Release|Any CPU
		{D869C7EE-3554-4E1F-85FA-9F5E724FB456}.Release|x86.Build.0 = Release|Any CPU
	EndGlobalSection
	GlobalSection(SolutionProperties) = preSolution
		HideSolutionNode = FALSE
	EndGlobalSection
	GlobalSection(NestedProjects) = preSolution
		{786570AB-A933-46A2-97F2-512B91346849} = {FF6EBB47-C6FD-4F08-9411-F45F995F06C9}
		{A475AE4A-6127-4B66-83C1-B1341CDAB77F} = {FF6EBB47-C6FD-4F08-9411-F45F995F06C9}
		{CB17DD27-4E52-479B-BAFB-8B4027BB16A6} = {FF6EBB47-C6FD-4F08-9411-F45F995F06C9}
		{3A06E712-927A-4B01-93A9-16DC64CA64C6} = {BE28B142-6436-42E7-8446-272F20EBF868}
		{A98C4DA0-C5A2-4E53-ADF2-522AFE9DC6AA} = {D36652D0-9BFA-414D-99CE-97D1147C4DE1}
		{128E839B-FAD7-4656-8809-0B2FDD171738} = {2C889B8B-5E26-4BE2-8FD9-5EE334AA413B}
		{742F5B91-4806-4D3B-9845-F92A141067DB} = {2C889B8B-5E26-4BE2-8FD9-5EE334AA413B}
		{567D682F-7EEF-4F33-8D62-EC460E13E593} = {A98C4DA0-C5A2-4E53-ADF2-522AFE9DC6AA}
		{D869C7EE-3554-4E1F-85FA-9F5E724FB456} = {A98C4DA0-C5A2-4E53-ADF2-522AFE9DC6AA}
		{2C889B8B-5E26-4BE2-8FD9-5EE334AA413B} = {A98C4DA0-C5A2-4E53-ADF2-522AFE9DC6AA}
	EndGlobalSection
EndGlobal
